
Microsoft Visual Studio Solution File, Format Version 12.00
# Visual Studio 2013
VisualStudioVersion = 12.0.30501.0
MinimumVisualStudioVersion = 10.0.40219.1
Project("{2150E333-8FDC-42A3-9474-1A3956D46DE8}") = "SnooDom", "SnooDom", "{266F8396-F853-4C3B-940B-47CDA92B74A7}"
EndProject
Project("{8BC9CEB8-8B4A-11D0-8D11-00A0C91BC942}") = "SnooDom.Shared", "SnooDom.Shared\SnooDom.Shared.vcxitems", "{72096595-CBA5-4D81-938E-20ADCFCC2C15}"
EndProject
Project("{8BC9CEB8-8B4A-11D0-8D11-00A0C91BC942}") = "SnooDom.Windows", "SnooDom.Windows\SnooDom.Windows.vcxproj", "{3434FE66-EE43-4C14-AD32-B6EBDB174C7E}"
EndProject
Project("{8BC9CEB8-8B4A-11D0-8D11-00A0C91BC942}") = "SnooDom.WindowsPhone", "SnooDom.WindowsPhone\SnooDom.WindowsPhone.vcxproj", "{F21692C7-0955-4E64-A684-2272F0E7B664}"
EndProject
Project("{2150E333-8FDC-42A3-9474-1A3956D46DE8}") = "TestUI", "TestUI", "{5988458F-6AC7-42FC-8C49-3F494244B66C}"
EndProject
Project("{D954291E-2A0B-460D-934E-DC6B0785DB48}") = "TestUI.Shared", "TestUI\TestUI.Shared\TestUI.Shared.shproj", "{72AF9ECF-4361-46DF-ACD2-0286F608A36D}"
EndProject
Project("{FAE04EC0-301F-11D3-BF4B-00C04F79EFBC}") = "TestUI.Windows", "TestUI\TestUI.Windows\TestUI.Windows.csproj", "{B92C6245-EAC1-4F31-AF94-6BDFF0340D6C}"
EndProject
Project("{FAE04EC0-301F-11D3-BF4B-00C04F79EFBC}") = "TestUI.WindowsPhone", "TestUI\TestUI.WindowsPhone\TestUI.WindowsPhone.csproj", "{6B32A883-593F-4C4B-86FD-503C4AFFC161}"
EndProject
Project("{FAE04EC0-301F-11D3-BF4B-00C04F79EFBC}") = "Test.Windows", "Test.Windows\Test.Windows.csproj", "{E9558BC3-ABEB-4840-871F-00EC982526C9}"
EndProject
Project("{FAE04EC0-301F-11D3-BF4B-00C04F79EFBC}") = "Test.WindowsPhone", "Test.WindowsPhone\Test.WindowsPhone.csproj", "{D5612B90-51E9-43FC-B714-9B6C88A825B2}"
EndProject
Global
	GlobalSection(SharedMSBuildProjectFiles) = preSolution
		SnooDom.Shared\SnooDom.Shared.vcxitems*{72096595-cba5-4d81-938e-20adcfcc2c15}*SharedItemsImports = 9
		SnooDom.Shared\SnooDom.Shared.vcxitems*{f21692c7-0955-4e64-a684-2272f0e7b664}*SharedItemsImports = 4
		TestUI\TestUI.Shared\TestUI.Shared.projitems*{72af9ecf-4361-46df-acd2-0286f608a36d}*SharedItemsImports = 13
		TestUI\TestUI.Shared\TestUI.Shared.projitems*{b92c6245-eac1-4f31-af94-6bdff0340d6c}*SharedItemsImports = 4
		TestUI\TestUI.Shared\TestUI.Shared.projitems*{6b32a883-593f-4c4b-86fd-503c4affc161}*SharedItemsImports = 4
		SnooDom.Shared\SnooDom.Shared.vcxitems*{3434fe66-ee43-4c14-ad32-b6ebdb174c7e}*SharedItemsImports = 4
	EndGlobalSection
	GlobalSection(SolutionConfigurationPlatforms) = preSolution
		Debug|Any CPU = Debug|Any CPU
		Debug|ARM = Debug|ARM
		Debug|Mixed Platforms = Debug|Mixed Platforms
		Debug|Win32 = Debug|Win32
		Debug|x64 = Debug|x64
		Debug|x86 = Debug|x86
		Release|Any CPU = Release|Any CPU
		Release|ARM = Release|ARM
		Release|Mixed Platforms = Release|Mixed Platforms
		Release|Win32 = Release|Win32
		Release|x64 = Release|x64
		Release|x86 = Release|x86
	EndGlobalSection
	GlobalSection(ProjectConfigurationPlatforms) = postSolution
		{3434FE66-EE43-4C14-AD32-B6EBDB174C7E}.Debug|Any CPU.ActiveCfg = Debug|Win32
		{3434FE66-EE43-4C14-AD32-B6EBDB174C7E}.Debug|ARM.ActiveCfg = Debug|ARM
		{3434FE66-EE43-4C14-AD32-B6EBDB174C7E}.Debug|ARM.Build.0 = Debug|ARM
		{3434FE66-EE43-4C14-AD32-B6EBDB174C7E}.Debug|Mixed Platforms.ActiveCfg = Debug|Win32
		{3434FE66-EE43-4C14-AD32-B6EBDB174C7E}.Debug|Mixed Platforms.Build.0 = Debug|Win32
		{3434FE66-EE43-4C14-AD32-B6EBDB174C7E}.Debug|Win32.ActiveCfg = Debug|Win32
		{3434FE66-EE43-4C14-AD32-B6EBDB174C7E}.Debug|Win32.Build.0 = Debug|Win32
		{3434FE66-EE43-4C14-AD32-B6EBDB174C7E}.Debug|x64.ActiveCfg = Debug|x64
		{3434FE66-EE43-4C14-AD32-B6EBDB174C7E}.Debug|x64.Build.0 = Debug|x64
		{3434FE66-EE43-4C14-AD32-B6EBDB174C7E}.Debug|x86.ActiveCfg = Debug|Win32
		{3434FE66-EE43-4C14-AD32-B6EBDB174C7E}.Debug|x86.Build.0 = Debug|Win32
		{3434FE66-EE43-4C14-AD32-B6EBDB174C7E}.Release|Any CPU.ActiveCfg = Release|Win32
		{3434FE66-EE43-4C14-AD32-B6EBDB174C7E}.Release|ARM.ActiveCfg = Release|ARM
		{3434FE66-EE43-4C14-AD32-B6EBDB174C7E}.Release|ARM.Build.0 = Release|ARM
		{3434FE66-EE43-4C14-AD32-B6EBDB174C7E}.Release|Mixed Platforms.ActiveCfg = Release|Win32
		{3434FE66-EE43-4C14-AD32-B6EBDB174C7E}.Release|Mixed Platforms.Build.0 = Release|Win32
		{3434FE66-EE43-4C14-AD32-B6EBDB174C7E}.Release|Win32.ActiveCfg = Release|Win32
		{3434FE66-EE43-4C14-AD32-B6EBDB174C7E}.Release|Win32.Build.0 = Release|Win32
		{3434FE66-EE43-4C14-AD32-B6EBDB174C7E}.Release|x64.ActiveCfg = Release|x64
		{3434FE66-EE43-4C14-AD32-B6EBDB174C7E}.Release|x64.Build.0 = Release|x64
		{3434FE66-EE43-4C14-AD32-B6EBDB174C7E}.Release|x86.ActiveCfg = Release|Win32
		{3434FE66-EE43-4C14-AD32-B6EBDB174C7E}.Release|x86.Build.0 = Release|Win32
		{F21692C7-0955-4E64-A684-2272F0E7B664}.Debug|Any CPU.ActiveCfg = Debug|Win32
		{F21692C7-0955-4E64-A684-2272F0E7B664}.Debug|ARM.ActiveCfg = Debug|ARM
		{F21692C7-0955-4E64-A684-2272F0E7B664}.Debug|ARM.Build.0 = Debug|ARM
		{F21692C7-0955-4E64-A684-2272F0E7B664}.Debug|Mixed Platforms.ActiveCfg = Debug|Win32
		{F21692C7-0955-4E64-A684-2272F0E7B664}.Debug|Mixed Platforms.Build.0 = Debug|Win32
		{F21692C7-0955-4E64-A684-2272F0E7B664}.Debug|Win32.ActiveCfg = Debug|Win32
		{F21692C7-0955-4E64-A684-2272F0E7B664}.Debug|Win32.Build.0 = Debug|Win32
		{F21692C7-0955-4E64-A684-2272F0E7B664}.Debug|x64.ActiveCfg = Debug|Win32
		{F21692C7-0955-4E64-A684-2272F0E7B664}.Debug|x86.ActiveCfg = Debug|Win32
		{F21692C7-0955-4E64-A684-2272F0E7B664}.Debug|x86.Build.0 = Debug|Win32
		{F21692C7-0955-4E64-A684-2272F0E7B664}.Release|Any CPU.ActiveCfg = Release|Win32
		{F21692C7-0955-4E64-A684-2272F0E7B664}.Release|ARM.ActiveCfg = Release|ARM
		{F21692C7-0955-4E64-A684-2272F0E7B664}.Release|ARM.Build.0 = Release|ARM
		{F21692C7-0955-4E64-A684-2272F0E7B664}.Release|Mixed Platforms.ActiveCfg = Release|Win32
		{F21692C7-0955-4E64-A684-2272F0E7B664}.Release|Mixed Platforms.Build.0 = Release|Win32
		{F21692C7-0955-4E64-A684-2272F0E7B664}.Release|Win32.ActiveCfg = Release|Win32
		{F21692C7-0955-4E64-A684-2272F0E7B664}.Release|Win32.Build.0 = Release|Win32
		{F21692C7-0955-4E64-A684-2272F0E7B664}.Release|x64.ActiveCfg = Release|Win32
		{F21692C7-0955-4E64-A684-2272F0E7B664}.Release|x86.ActiveCfg = Release|Win32
		{F21692C7-0955-4E64-A684-2272F0E7B664}.Release|x86.Build.0 = Release|Win32
		{B92C6245-EAC1-4F31-AF94-6BDFF0340D6C}.Debug|Any CPU.ActiveCfg = Debug|Any CPU
		{B92C6245-EAC1-4F31-AF94-6BDFF0340D6C}.Debug|Any CPU.Build.0 = Debug|Any CPU
		{B92C6245-EAC1-4F31-AF94-6BDFF0340D6C}.Debug|Any CPU.Deploy.0 = Debug|Any CPU
		{B92C6245-EAC1-4F31-AF94-6BDFF0340D6C}.Debug|ARM.ActiveCfg = Debug|ARM
		{B92C6245-EAC1-4F31-AF94-6BDFF0340D6C}.Debug|ARM.Build.0 = Debug|ARM
		{B92C6245-EAC1-4F31-AF94-6BDFF0340D6C}.Debug|ARM.Deploy.0 = Debug|ARM
		{B92C6245-EAC1-4F31-AF94-6BDFF0340D6C}.Debug|Mixed Platforms.ActiveCfg = Debug|x86
		{B92C6245-EAC1-4F31-AF94-6BDFF0340D6C}.Debug|Mixed Platforms.Build.0 = Debug|x86
		{B92C6245-EAC1-4F31-AF94-6BDFF0340D6C}.Debug|Mixed Platforms.Deploy.0 = Debug|x86
		{B92C6245-EAC1-4F31-AF94-6BDFF0340D6C}.Debug|Win32.ActiveCfg = Debug|x86
		{B92C6245-EAC1-4F31-AF94-6BDFF0340D6C}.Debug|Win32.Build.0 = Debug|x86
		{B92C6245-EAC1-4F31-AF94-6BDFF0340D6C}.Debug|Win32.Deploy.0 = Debug|x86
		{B92C6245-EAC1-4F31-AF94-6BDFF0340D6C}.Debug|x64.ActiveCfg = Debug|x64
		{B92C6245-EAC1-4F31-AF94-6BDFF0340D6C}.Debug|x64.Build.0 = Debug|x64
		{B92C6245-EAC1-4F31-AF94-6BDFF0340D6C}.Debug|x64.Deploy.0 = Debug|x64
		{B92C6245-EAC1-4F31-AF94-6BDFF0340D6C}.Debug|x86.ActiveCfg = Debug|x86
		{B92C6245-EAC1-4F31-AF94-6BDFF0340D6C}.Debug|x86.Build.0 = Debug|x86
		{B92C6245-EAC1-4F31-AF94-6BDFF0340D6C}.Debug|x86.Deploy.0 = Debug|x86
		{B92C6245-EAC1-4F31-AF94-6BDFF0340D6C}.Release|Any CPU.ActiveCfg = Release|Any CPU
		{B92C6245-EAC1-4F31-AF94-6BDFF0340D6C}.Release|Any CPU.Build.0 = Release|Any CPU
		{B92C6245-EAC1-4F31-AF94-6BDFF0340D6C}.Release|Any CPU.Deploy.0 = Release|Any CPU
		{B92C6245-EAC1-4F31-AF94-6BDFF0340D6C}.Release|ARM.ActiveCfg = Release|ARM
		{B92C6245-EAC1-4F31-AF94-6BDFF0340D6C}.Release|ARM.Build.0 = Release|ARM
		{B92C6245-EAC1-4F31-AF94-6BDFF0340D6C}.Release|ARM.Deploy.0 = Release|ARM
		{B92C6245-EAC1-4F31-AF94-6BDFF0340D6C}.Release|Mixed Platforms.ActiveCfg = Release|x86
		{B92C6245-EAC1-4F31-AF94-6BDFF0340D6C}.Release|Mixed Platforms.Build.0 = Release|x86
		{B92C6245-EAC1-4F31-AF94-6BDFF0340D6C}.Release|Mixed Platforms.Deploy.0 = Release|x86
		{B92C6245-EAC1-4F31-AF94-6BDFF0340D6C}.Release|Win32.ActiveCfg = Release|x86
		{B92C6245-EAC1-4F31-AF94-6BDFF0340D6C}.Release|Win32.Build.0 = Release|x86
		{B92C6245-EAC1-4F31-AF94-6BDFF0340D6C}.Release|Win32.Deploy.0 = Release|x86
		{B92C6245-EAC1-4F31-AF94-6BDFF0340D6C}.Release|x64.ActiveCfg = Release|x64
		{B92C6245-EAC1-4F31-AF94-6BDFF0340D6C}.Release|x64.Build.0 = Release|x64
		{B92C6245-EAC1-4F31-AF94-6BDFF0340D6C}.Release|x64.Deploy.0 = Release|x64
		{B92C6245-EAC1-4F31-AF94-6BDFF0340D6C}.Release|x86.ActiveCfg = Release|x86
		{B92C6245-EAC1-4F31-AF94-6BDFF0340D6C}.Release|x86.Build.0 = Release|x86
		{B92C6245-EAC1-4F31-AF94-6BDFF0340D6C}.Release|x86.Deploy.0 = Release|x86
		{6B32A883-593F-4C4B-86FD-503C4AFFC161}.Debug|Any CPU.ActiveCfg = Debug|Any CPU
		{6B32A883-593F-4C4B-86FD-503C4AFFC161}.Debug|Any CPU.Build.0 = Debug|Any CPU
		{6B32A883-593F-4C4B-86FD-503C4AFFC161}.Debug|Any CPU.Deploy.0 = Debug|Any CPU
		{6B32A883-593F-4C4B-86FD-503C4AFFC161}.Debug|ARM.ActiveCfg = Debug|ARM
		{6B32A883-593F-4C4B-86FD-503C4AFFC161}.Debug|ARM.Build.0 = Debug|ARM
		{6B32A883-593F-4C4B-86FD-503C4AFFC161}.Debug|ARM.Deploy.0 = Debug|ARM
		{6B32A883-593F-4C4B-86FD-503C4AFFC161}.Debug|Mixed Platforms.ActiveCfg = Debug|x86
		{6B32A883-593F-4C4B-86FD-503C4AFFC161}.Debug|Mixed Platforms.Build.0 = Debug|x86
		{6B32A883-593F-4C4B-86FD-503C4AFFC161}.Debug|Mixed Platforms.Deploy.0 = Debug|x86
		{6B32A883-593F-4C4B-86FD-503C4AFFC161}.Debug|Win32.ActiveCfg = Debug|x86
		{6B32A883-593F-4C4B-86FD-503C4AFFC161}.Debug|Win32.Build.0 = Debug|x86
		{6B32A883-593F-4C4B-86FD-503C4AFFC161}.Debug|Win32.Deploy.0 = Debug|x86
		{6B32A883-593F-4C4B-86FD-503C4AFFC161}.Debug|x64.ActiveCfg = Debug|Any CPU
		{6B32A883-593F-4C4B-86FD-503C4AFFC161}.Debug|x86.ActiveCfg = Debug|x86
		{6B32A883-593F-4C4B-86FD-503C4AFFC161}.Debug|x86.Build.0 = Debug|x86
		{6B32A883-593F-4C4B-86FD-503C4AFFC161}.Debug|x86.Deploy.0 = Debug|x86
		{6B32A883-593F-4C4B-86FD-503C4AFFC161}.Release|Any CPU.ActiveCfg = Release|Any CPU
		{6B32A883-593F-4C4B-86FD-503C4AFFC161}.Release|Any CPU.Build.0 = Release|Any CPU
		{6B32A883-593F-4C4B-86FD-503C4AFFC161}.Release|Any CPU.Deploy.0 = Release|Any CPU
		{6B32A883-593F-4C4B-86FD-503C4AFFC161}.Release|ARM.ActiveCfg = Release|ARM
		{6B32A883-593F-4C4B-86FD-503C4AFFC161}.Release|ARM.Build.0 = Release|ARM
		{6B32A883-593F-4C4B-86FD-503C4AFFC161}.Release|ARM.Deploy.0 = Release|ARM
		{6B32A883-593F-4C4B-86FD-503C4AFFC161}.Release|Mixed Platforms.ActiveCfg = Release|x86
		{6B32A883-593F-4C4B-86FD-503C4AFFC161}.Release|Mixed Platforms.Build.0 = Release|x86
		{6B32A883-593F-4C4B-86FD-503C4AFFC161}.Release|Mixed Platforms.Deploy.0 = Release|x86
		{6B32A883-593F-4C4B-86FD-503C4AFFC161}.Release|Win32.ActiveCfg = Release|x86
		{6B32A883-593F-4C4B-86FD-503C4AFFC161}.Release|Win32.Build.0 = Release|x86
		{6B32A883-593F-4C4B-86FD-503C4AFFC161}.Release|Win32.Deploy.0 = Release|x86
		{6B32A883-593F-4C4B-86FD-503C4AFFC161}.Release|x64.ActiveCfg = Release|Any CPU
		{6B32A883-593F-4C4B-86FD-503C4AFFC161}.Release|x86.ActiveCfg = Release|x86
		{6B32A883-593F-4C4B-86FD-503C4AFFC161}.Release|x86.Build.0 = Release|x86
		{6B32A883-593F-4C4B-86FD-503C4AFFC161}.Release|x86.Deploy.0 = Release|x86
		{E9558BC3-ABEB-4840-871F-00EC982526C9}.Debug|Any CPU.ActiveCfg = Debug|Any CPU
		{E9558BC3-ABEB-4840-871F-00EC982526C9}.Debug|Any CPU.Build.0 = Debug|Any CPU
		{E9558BC3-ABEB-4840-871F-00EC982526C9}.Debug|Any CPU.Deploy.0 = Debug|Any CPU
		{E9558BC3-ABEB-4840-871F-00EC982526C9}.Debug|ARM.ActiveCfg = Debug|ARM
		{E9558BC3-ABEB-4840-871F-00EC982526C9}.Debug|ARM.Build.0 = Debug|ARM
		{E9558BC3-ABEB-4840-871F-00EC982526C9}.Debug|ARM.Deploy.0 = Debug|ARM
		{E9558BC3-ABEB-4840-871F-00EC982526C9}.Debug|Mixed Platforms.ActiveCfg = Debug|x86
		{E9558BC3-ABEB-4840-871F-00EC982526C9}.Debug|Mixed Platforms.Build.0 = Debug|x86
		{E9558BC3-ABEB-4840-871F-00EC982526C9}.Debug|Mixed Platforms.Deploy.0 = Debug|x86
		{E9558BC3-ABEB-4840-871F-00EC982526C9}.Debug|Win32.ActiveCfg = Debug|x86
		{E9558BC3-ABEB-4840-871F-00EC982526C9}.Debug|Win32.Build.0 = Debug|x86
		{E9558BC3-ABEB-4840-871F-00EC982526C9}.Debug|Win32.Deploy.0 = Debug|x86
		{E9558BC3-ABEB-4840-871F-00EC982526C9}.Debug|x64.ActiveCfg = Debug|x64
		{E9558BC3-ABEB-4840-871F-00EC982526C9}.Debug|x64.Build.0 = Debug|x64
		{E9558BC3-ABEB-4840-871F-00EC982526C9}.Debug|x64.Deploy.0 = Debug|x64
		{E9558BC3-ABEB-4840-871F-00EC982526C9}.Debug|x86.ActiveCfg = Debug|x86
		{E9558BC3-ABEB-4840-871F-00EC982526C9}.Debug|x86.Build.0 = Debug|x86
		{E9558BC3-ABEB-4840-871F-00EC982526C9}.Debug|x86.Deploy.0 = Debug|x86
		{E9558BC3-ABEB-4840-871F-00EC982526C9}.Release|Any CPU.ActiveCfg = Release|Any CPU
		{E9558BC3-ABEB-4840-871F-00EC982526C9}.Release|Any CPU.Build.0 = Release|Any CPU
		{E9558BC3-ABEB-4840-871F-00EC982526C9}.Release|Any CPU.Deploy.0 = Release|Any CPU
		{E9558BC3-ABEB-4840-871F-00EC982526C9}.Release|ARM.ActiveCfg = Release|ARM
		{E9558BC3-ABEB-4840-871F-00EC982526C9}.Release|ARM.Build.0 = Release|ARM
		{E9558BC3-ABEB-4840-871F-00EC982526C9}.Release|ARM.Deploy.0 = Release|ARM
		{E9558BC3-ABEB-4840-871F-00EC982526C9}.Release|Mixed Platforms.ActiveCfg = Release|x86
		{E9558BC3-ABEB-4840-871F-00EC982526C9}.Release|Mixed Platforms.Build.0 = Release|x86
		{E9558BC3-ABEB-4840-871F-00EC982526C9}.Release|Mixed Platforms.Deploy.0 = Release|x86
		{E9558BC3-ABEB-4840-871F-00EC982526C9}.Release|Win32.ActiveCfg = Release|x86
		{E9558BC3-ABEB-4840-871F-00EC982526C9}.Release|Win32.Build.0 = Release|x86
		{E9558BC3-ABEB-4840-871F-00EC982526C9}.Release|Win32.Deploy.0 = Release|x86
		{E9558BC3-ABEB-4840-871F-00EC982526C9}.Release|x64.ActiveCfg = Release|x64
		{E9558BC3-ABEB-4840-871F-00EC982526C9}.Release|x64.Build.0 = Release|x64
		{E9558BC3-ABEB-4840-871F-00EC982526C9}.Release|x64.Deploy.0 = Release|x64
		{E9558BC3-ABEB-4840-871F-00EC982526C9}.Release|x86.ActiveCfg = Release|x86
		{E9558BC3-ABEB-4840-871F-00EC982526C9}.Release|x86.Build.0 = Release|x86
		{E9558BC3-ABEB-4840-871F-00EC982526C9}.Release|x86.Deploy.0 = Release|x86
		{D5612B90-51E9-43FC-B714-9B6C88A825B2}.Debug|Any CPU.ActiveCfg = Debug|x86
		{D5612B90-51E9-43FC-B714-9B6C88A825B2}.Debug|ARM.ActiveCfg = Debug|ARM
		{D5612B90-51E9-43FC-B714-9B6C88A825B2}.Debug|ARM.Build.0 = Debug|ARM
		{D5612B90-51E9-43FC-B714-9B6C88A825B2}.Debug|ARM.Deploy.0 = Debug|ARM
		{D5612B90-51E9-43FC-B714-9B6C88A825B2}.Debug|Mixed Platforms.ActiveCfg = Debug|x86
		{D5612B90-51E9-43FC-B714-9B6C88A825B2}.Debug|Mixed Platforms.Build.0 = Debug|x86
		{D5612B90-51E9-43FC-B714-9B6C88A825B2}.Debug|Mixed Platforms.Deploy.0 = Debug|x86
		{D5612B90-51E9-43FC-B714-9B6C88A825B2}.Debug|Win32.ActiveCfg = Debug|x86
		{D5612B90-51E9-43FC-B714-9B6C88A825B2}.Debug|Win32.Build.0 = Debug|x86
		{D5612B90-51E9-43FC-B714-9B6C88A825B2}.Debug|Win32.Deploy.0 = Debug|x86
		{D5612B90-51E9-43FC-B714-9B6C88A825B2}.Debug|x64.ActiveCfg = Debug|x86
		{D5612B90-51E9-43FC-B714-9B6C88A825B2}.Debug|x86.ActiveCfg = Debug|x86
		{D5612B90-51E9-43FC-B714-9B6C88A825B2}.Debug|x86.Build.0 = Debug|x86
		{D5612B90-51E9-43FC-B714-9B6C88A825B2}.Debug|x86.Deploy.0 = Debug|x86
		{D5612B90-51E9-43FC-B714-9B6C88A825B2}.Release|Any CPU.ActiveCfg = Release|x86
		{D5612B90-51E9-43FC-B714-9B6C88A825B2}.Release|ARM.ActiveCfg = Release|ARM
		{D5612B90-51E9-43FC-B714-9B6C88A825B2}.Release|ARM.Build.0 = Release|ARM
		{D5612B90-51E9-43FC-B714-9B6C88A825B2}.Release|ARM.Deploy.0 = Release|ARM
		{D5612B90-51E9-43FC-B714-9B6C88A825B2}.Release|Mixed Platforms.ActiveCfg = Release|x86
		{D5612B90-51E9-43FC-B714-9B6C88A825B2}.Release|Mixed Platforms.Build.0 = Release|x86
		{D5612B90-51E9-43FC-B714-9B6C88A825B2}.Release|Mixed Platforms.Deploy.0 = Release|x86
		{D5612B90-51E9-43FC-B714-9B6C88A825B2}.Release|Win32.ActiveCfg = Release|x86
		{D5612B90-51E9-43FC-B714-9B6C88A825B2}.Release|Win32.Build.0 = Release|x86
		{D5612B90-51E9-43FC-B714-9B6C88A825B2}.Release|Win32.Deploy.0 = Release|x86
		{D5612B90-51E9-43FC-B714-9B6C88A825B2}.Release|x64.ActiveCfg = Release|x86
		{D5612B90-51E9-43FC-B714-9B6C88A825B2}.Release|x86.ActiveCfg = Release|x86
		{D5612B90-51E9-43FC-B714-9B6C88A825B2}.Release|x86.Build.0 = Release|x86
		{D5612B90-51E9-43FC-B714-9B6C88A825B2}.Release|x86.Deploy.0 = Release|x86
	EndGlobalSection
	GlobalSection(SolutionProperties) = preSolution
		HideSolutionNode = FALSE
	EndGlobalSection
	GlobalSection(NestedProjects) = preSolution
		{72096595-CBA5-4D81-938E-20ADCFCC2C15} = {266F8396-F853-4C3B-940B-47CDA92B74A7}
		{3434FE66-EE43-4C14-AD32-B6EBDB174C7E} = {266F8396-F853-4C3B-940B-47CDA92B74A7}
		{F21692C7-0955-4E64-A684-2272F0E7B664} = {266F8396-F853-4C3B-940B-47CDA92B74A7}
		{72AF9ECF-4361-46DF-ACD2-0286F608A36D} = {5988458F-6AC7-42FC-8C49-3F494244B66C}
		{B92C6245-EAC1-4F31-AF94-6BDFF0340D6C} = {5988458F-6AC7-42FC-8C49-3F494244B66C}
		{6B32A883-593F-4C4B-86FD-503C4AFFC161} = {5988458F-6AC7-42FC-8C49-3F494244B66C}
	EndGlobalSection
EndGlobal
